
Microsoft Visual Studio Solution File, Format Version 12.00
# Visual Studio 14
VisualStudioVersion = 14.0.25123.0
MinimumVisualStudioVersion = 10.0.40219.1
Project("{FAE04EC0-301F-11D3-BF4B-00C04F79EFBC}") = "Xamarin.iOS.Opus", "Xamarin.iOS.Opus\Xamarin.iOS.Opus.csproj", "{D00DB3CA-BB32-4D90-B999-6EDC29899FD0}"
EndProject
Project("{FAE04EC0-301F-11D3-BF4B-00C04F79EFBC}") = "Xamarin.iOS.VP8", "Xamarin.iOS.VP8\Xamarin.iOS.VP8.csproj", "{E2ECB703-E07E-46D2-90CC-0F36B648DF2A}"
EndProject
Project("{2150E333-8FDC-42A3-9474-1A3956D46DE8}") = "WP", "WP", "{920D9C98-D669-4B28-8454-C8D236882793}"
EndProject
Project("{8BC9CEB8-8B4A-11D0-8D11-00A0C91BC942}") = "VideoCaptureTransform", "Windows\VideoCaptureTransform\VideoCaptureTransform.vcxproj", "{E9F213B3-2C36-4055-9ADB-3F4039BBD2AA}"
EndProject
Project("{8BC9CEB8-8B4A-11D0-8D11-00A0C91BC942}") = "Win8_VP8", "Windows\Win8.VP8\Win8.VP8.120_WP81.vcxproj", "{CF589C26-D0DF-405D-9A73-08D20A49E622}"
EndProject
Project("{FAE04EC0-301F-11D3-BF4B-00C04F79EFBC}") = "Windows8.Conference.WebRTC.120", "Windows\Windows8.Conference.WebRTC\Windows8.Conference.WebRTC.120.csproj", "{C144F835-925A-444A-A9A2-AE193DF2993F}"
EndProject
Project("{FAE04EC0-301F-11D3-BF4B-00C04F79EFBC}") = "WindowsPhone.Conference.WebRTC.120", "Windows\WindowsPhone.Conference.WebRTC\WindowsPhone.Conference.WebRTC.120.csproj", "{EE62D00D-B9AD-4322-ABDC-877AE7F0B011}"
EndProject
Project("{2150E333-8FDC-42A3-9474-1A3956D46DE8}") = "Forms", "Forms", "{A1F94E22-D532-43AE-BAD3-CCC19CD18445}"
EndProject
Project("{D954291E-2A0B-460D-934E-DC6B0785DB48}") = "Xamarin.Forms.Conference.WebRTC", "Forms\Xamarin.Forms.Conference.WebRTC\Xamarin.Forms.Conference.WebRTC.shproj", "{22B514A8-98C7-498F-AF63-324208633DB7}"
EndProject
Project("{FAE04EC0-301F-11D3-BF4B-00C04F79EFBC}") = "Xamarin.Forms.Conference.WebRTC.Droid", "Forms\Xamarin.Forms.Conference.WebRTC.Droid\Xamarin.Forms.Conference.WebRTC.Droid.csproj", "{38CAEE65-36AC-477B-B190-776A602A3CC0}"
EndProject
Project("{FAE04EC0-301F-11D3-BF4B-00C04F79EFBC}") = "Xamarin.Forms.Conference.WebRTC.iOS", "Forms\Xamarin.Forms.Conference.WebRTC.iOS\Xamarin.Forms.Conference.WebRTC.iOS.csproj", "{48A56E2C-4873-41E7-B23D-29AF601E4CDC}"
EndProject
Project("{2150E333-8FDC-42A3-9474-1A3956D46DE8}") = "Core", "Core", "{EB10D529-454D-4EFE-BF00-3B42E9FBFC12}"
EndProject
Project("{FAE04EC0-301F-11D3-BF4B-00C04F79EFBC}") = "Xamarin.PCL", "Xamarin.PCL\Xamarin.PCL.csproj", "{5D2E191D-8EE0-4F07-86DA-5F85E1912D4B}"
EndProject
Project("{8BC9CEB8-8B4A-11D0-8D11-00A0C91BC942}") = "Win8_VP8", "Windows\Win8.VP8\Win8.VP8.120.vcxproj", "{3EDE73D7-BA68-4174-89E9-12C0EAB4BFFA}"
EndProject
Global
	GlobalSection(SharedMSBuildProjectFiles) = preSolution
		Forms\Xamarin.Forms.Conference.WebRTC\Xamarin.Forms.Conference.WebRTC.projitems*{22b514a8-98c7-498f-af63-324208633db7}*SharedItemsImports = 13
		Forms\Xamarin.Forms.Conference.WebRTC\Xamarin.Forms.Conference.WebRTC.projitems*{48a56e2c-4873-41e7-b23d-29af601e4cdc}*SharedItemsImports = 4
		Forms\Xamarin.Forms.Conference.WebRTC\Xamarin.Forms.Conference.WebRTC.projitems*{38caee65-36ac-477b-b190-776a602a3cc0}*SharedItemsImports = 4
	EndGlobalSection
	GlobalSection(SolutionConfigurationPlatforms) = preSolution
		Ad-Hoc|Any CPU = Ad-Hoc|Any CPU
		Ad-Hoc|ARM = Ad-Hoc|ARM
		Ad-Hoc|iPhone = Ad-Hoc|iPhone
		Ad-Hoc|iPhoneSimulator = Ad-Hoc|iPhoneSimulator
		Ad-Hoc|x64 = Ad-Hoc|x64
		Ad-Hoc|x86 = Ad-Hoc|x86
		AppStore|Any CPU = AppStore|Any CPU
		AppStore|ARM = AppStore|ARM
		AppStore|iPhone = AppStore|iPhone
		AppStore|iPhoneSimulator = AppStore|iPhoneSimulator
		AppStore|x64 = AppStore|x64
		AppStore|x86 = AppStore|x86
		Debug|Any CPU = Debug|Any CPU
		Debug|ARM = Debug|ARM
		Debug|iPhone = Debug|iPhone
		Debug|iPhoneSimulator = Debug|iPhoneSimulator
		Debug|x64 = Debug|x64
		Debug|x86 = Debug|x86
		Release|Any CPU = Release|Any CPU
		Release|ARM = Release|ARM
		Release|iPhone = Release|iPhone
		Release|iPhoneSimulator = Release|iPhoneSimulator
		Release|x64 = Release|x64
		Release|x86 = Release|x86
	EndGlobalSection
	GlobalSection(ProjectConfigurationPlatforms) = postSolution
		{D00DB3CA-BB32-4D90-B999-6EDC29899FD0}.Ad-Hoc|Any CPU.ActiveCfg = Release|Any CPU
		{D00DB3CA-BB32-4D90-B999-6EDC29899FD0}.Ad-Hoc|Any CPU.Build.0 = Release|Any CPU
		{D00DB3CA-BB32-4D90-B999-6EDC29899FD0}.Ad-Hoc|ARM.ActiveCfg = Release|Any CPU
		{D00DB3CA-BB32-4D90-B999-6EDC29899FD0}.Ad-Hoc|ARM.Build.0 = Release|Any CPU
		{D00DB3CA-BB32-4D90-B999-6EDC29899FD0}.Ad-Hoc|iPhone.ActiveCfg = Release|Any CPU
		{D00DB3CA-BB32-4D90-B999-6EDC29899FD0}.Ad-Hoc|iPhone.Build.0 = Release|Any CPU
		{D00DB3CA-BB32-4D90-B999-6EDC29899FD0}.Ad-Hoc|iPhoneSimulator.ActiveCfg = Release|Any CPU
		{D00DB3CA-BB32-4D90-B999-6EDC29899FD0}.Ad-Hoc|iPhoneSimulator.Build.0 = Release|Any CPU
		{D00DB3CA-BB32-4D90-B999-6EDC29899FD0}.Ad-Hoc|x64.ActiveCfg = Release|Any CPU
		{D00DB3CA-BB32-4D90-B999-6EDC29899FD0}.Ad-Hoc|x64.Build.0 = Release|Any CPU
		{D00DB3CA-BB32-4D90-B999-6EDC29899FD0}.Ad-Hoc|x86.ActiveCfg = Release|Any CPU
		{D00DB3CA-BB32-4D90-B999-6EDC29899FD0}.Ad-Hoc|x86.Build.0 = Release|Any CPU
		{D00DB3CA-BB32-4D90-B999-6EDC29899FD0}.AppStore|Any CPU.ActiveCfg = Release|Any CPU
		{D00DB3CA-BB32-4D90-B999-6EDC29899FD0}.AppStore|Any CPU.Build.0 = Release|Any CPU
		{D00DB3CA-BB32-4D90-B999-6EDC29899FD0}.AppStore|ARM.ActiveCfg = Release|Any CPU
		{D00DB3CA-BB32-4D90-B999-6EDC29899FD0}.AppStore|ARM.Build.0 = Release|Any CPU
		{D00DB3CA-BB32-4D90-B999-6EDC29899FD0}.AppStore|iPhone.ActiveCfg = Release|Any CPU
		{D00DB3CA-BB32-4D90-B999-6EDC29899FD0}.AppStore|iPhone.Build.0 = Release|Any CPU
		{D00DB3CA-BB32-4D90-B999-6EDC29899FD0}.AppStore|iPhoneSimulator.ActiveCfg = Release|Any CPU
		{D00DB3CA-BB32-4D90-B999-6EDC29899FD0}.AppStore|iPhoneSimulator.Build.0 = Release|Any CPU
		{D00DB3CA-BB32-4D90-B999-6EDC29899FD0}.AppStore|x64.ActiveCfg = Release|Any CPU
		{D00DB3CA-BB32-4D90-B999-6EDC29899FD0}.AppStore|x64.Build.0 = Release|Any CPU
		{D00DB3CA-BB32-4D90-B999-6EDC29899FD0}.AppStore|x86.ActiveCfg = Release|Any CPU
		{D00DB3CA-BB32-4D90-B999-6EDC29899FD0}.AppStore|x86.Build.0 = Release|Any CPU
		{D00DB3CA-BB32-4D90-B999-6EDC29899FD0}.Debug|Any CPU.ActiveCfg = Debug|Any CPU
		{D00DB3CA-BB32-4D90-B999-6EDC29899FD0}.Debug|Any CPU.Build.0 = Debug|Any CPU
		{D00DB3CA-BB32-4D90-B999-6EDC29899FD0}.Debug|ARM.ActiveCfg = Debug|Any CPU
		{D00DB3CA-BB32-4D90-B999-6EDC29899FD0}.Debug|ARM.Build.0 = Debug|Any CPU
		{D00DB3CA-BB32-4D90-B999-6EDC29899FD0}.Debug|iPhone.ActiveCfg = Debug|Any CPU
		{D00DB3CA-BB32-4D90-B999-6EDC29899FD0}.Debug|iPhone.Build.0 = Debug|Any CPU
		{D00DB3CA-BB32-4D90-B999-6EDC29899FD0}.Debug|iPhoneSimulator.ActiveCfg = Debug|Any CPU
		{D00DB3CA-BB32-4D90-B999-6EDC29899FD0}.Debug|iPhoneSimulator.Build.0 = Debug|Any CPU
		{D00DB3CA-BB32-4D90-B999-6EDC29899FD0}.Debug|x64.ActiveCfg = Debug|Any CPU
		{D00DB3CA-BB32-4D90-B999-6EDC29899FD0}.Debug|x64.Build.0 = Debug|Any CPU
		{D00DB3CA-BB32-4D90-B999-6EDC29899FD0}.Debug|x86.ActiveCfg = Debug|Any CPU
		{D00DB3CA-BB32-4D90-B999-6EDC29899FD0}.Debug|x86.Build.0 = Debug|Any CPU
		{D00DB3CA-BB32-4D90-B999-6EDC29899FD0}.Release|Any CPU.ActiveCfg = Release|Any CPU
		{D00DB3CA-BB32-4D90-B999-6EDC29899FD0}.Release|Any CPU.Build.0 = Release|Any CPU
		{D00DB3CA-BB32-4D90-B999-6EDC29899FD0}.Release|ARM.ActiveCfg = Release|Any CPU
		{D00DB3CA-BB32-4D90-B999-6EDC29899FD0}.Release|ARM.Build.0 = Release|Any CPU
		{D00DB3CA-BB32-4D90-B999-6EDC29899FD0}.Release|iPhone.ActiveCfg = Release|Any CPU
		{D00DB3CA-BB32-4D90-B999-6EDC29899FD0}.Release|iPhone.Build.0 = Release|Any CPU
		{D00DB3CA-BB32-4D90-B999-6EDC29899FD0}.Release|iPhoneSimulator.ActiveCfg = Release|Any CPU
		{D00DB3CA-BB32-4D90-B999-6EDC29899FD0}.Release|iPhoneSimulator.Build.0 = Release|Any CPU
		{D00DB3CA-BB32-4D90-B999-6EDC29899FD0}.Release|x64.ActiveCfg = Release|Any CPU
		{D00DB3CA-BB32-4D90-B999-6EDC29899FD0}.Release|x64.Build.0 = Release|Any CPU
		{D00DB3CA-BB32-4D90-B999-6EDC29899FD0}.Release|x86.ActiveCfg = Release|Any CPU
		{D00DB3CA-BB32-4D90-B999-6EDC29899FD0}.Release|x86.Build.0 = Release|Any CPU
		{E2ECB703-E07E-46D2-90CC-0F36B648DF2A}.Ad-Hoc|Any CPU.ActiveCfg = Release|Any CPU
		{E2ECB703-E07E-46D2-90CC-0F36B648DF2A}.Ad-Hoc|Any CPU.Build.0 = Release|Any CPU
		{E2ECB703-E07E-46D2-90CC-0F36B648DF2A}.Ad-Hoc|ARM.ActiveCfg = Release|Any CPU
		{E2ECB703-E07E-46D2-90CC-0F36B648DF2A}.Ad-Hoc|ARM.Build.0 = Release|Any CPU
		{E2ECB703-E07E-46D2-90CC-0F36B648DF2A}.Ad-Hoc|iPhone.ActiveCfg = Release|Any CPU
		{E2ECB703-E07E-46D2-90CC-0F36B648DF2A}.Ad-Hoc|iPhone.Build.0 = Release|Any CPU
		{E2ECB703-E07E-46D2-90CC-0F36B648DF2A}.Ad-Hoc|iPhoneSimulator.ActiveCfg = Release|Any CPU
		{E2ECB703-E07E-46D2-90CC-0F36B648DF2A}.Ad-Hoc|iPhoneSimulator.Build.0 = Release|Any CPU
		{E2ECB703-E07E-46D2-90CC-0F36B648DF2A}.Ad-Hoc|x64.ActiveCfg = Release|Any CPU
		{E2ECB703-E07E-46D2-90CC-0F36B648DF2A}.Ad-Hoc|x64.Build.0 = Release|Any CPU
		{E2ECB703-E07E-46D2-90CC-0F36B648DF2A}.Ad-Hoc|x86.ActiveCfg = Release|Any CPU
		{E2ECB703-E07E-46D2-90CC-0F36B648DF2A}.Ad-Hoc|x86.Build.0 = Release|Any CPU
		{E2ECB703-E07E-46D2-90CC-0F36B648DF2A}.AppStore|Any CPU.ActiveCfg = Release|Any CPU
		{E2ECB703-E07E-46D2-90CC-0F36B648DF2A}.AppStore|Any CPU.Build.0 = Release|Any CPU
		{E2ECB703-E07E-46D2-90CC-0F36B648DF2A}.AppStore|ARM.ActiveCfg = Release|Any CPU
		{E2ECB703-E07E-46D2-90CC-0F36B648DF2A}.AppStore|ARM.Build.0 = Release|Any CPU
		{E2ECB703-E07E-46D2-90CC-0F36B648DF2A}.AppStore|iPhone.ActiveCfg = Release|Any CPU
		{E2ECB703-E07E-46D2-90CC-0F36B648DF2A}.AppStore|iPhone.Build.0 = Release|Any CPU
		{E2ECB703-E07E-46D2-90CC-0F36B648DF2A}.AppStore|iPhoneSimulator.ActiveCfg = Release|Any CPU
		{E2ECB703-E07E-46D2-90CC-0F36B648DF2A}.AppStore|iPhoneSimulator.Build.0 = Release|Any CPU
		{E2ECB703-E07E-46D2-90CC-0F36B648DF2A}.AppStore|x64.ActiveCfg = Release|Any CPU
		{E2ECB703-E07E-46D2-90CC-0F36B648DF2A}.AppStore|x64.Build.0 = Release|Any CPU
		{E2ECB703-E07E-46D2-90CC-0F36B648DF2A}.AppStore|x86.ActiveCfg = Release|Any CPU
		{E2ECB703-E07E-46D2-90CC-0F36B648DF2A}.AppStore|x86.Build.0 = Release|Any CPU
		{E2ECB703-E07E-46D2-90CC-0F36B648DF2A}.Debug|Any CPU.ActiveCfg = Debug|Any CPU
		{E2ECB703-E07E-46D2-90CC-0F36B648DF2A}.Debug|Any CPU.Build.0 = Debug|Any CPU
		{E2ECB703-E07E-46D2-90CC-0F36B648DF2A}.Debug|ARM.ActiveCfg = Debug|Any CPU
		{E2ECB703-E07E-46D2-90CC-0F36B648DF2A}.Debug|ARM.Build.0 = Debug|Any CPU
		{E2ECB703-E07E-46D2-90CC-0F36B648DF2A}.Debug|iPhone.ActiveCfg = Debug|Any CPU
		{E2ECB703-E07E-46D2-90CC-0F36B648DF2A}.Debug|iPhone.Build.0 = Debug|Any CPU
		{E2ECB703-E07E-46D2-90CC-0F36B648DF2A}.Debug|iPhoneSimulator.ActiveCfg = Debug|Any CPU
		{E2ECB703-E07E-46D2-90CC-0F36B648DF2A}.Debug|iPhoneSimulator.Build.0 = Debug|Any CPU
		{E2ECB703-E07E-46D2-90CC-0F36B648DF2A}.Debug|x64.ActiveCfg = Debug|Any CPU
		{E2ECB703-E07E-46D2-90CC-0F36B648DF2A}.Debug|x64.Build.0 = Debug|Any CPU
		{E2ECB703-E07E-46D2-90CC-0F36B648DF2A}.Debug|x86.ActiveCfg = Debug|Any CPU
		{E2ECB703-E07E-46D2-90CC-0F36B648DF2A}.Debug|x86.Build.0 = Debug|Any CPU
		{E2ECB703-E07E-46D2-90CC-0F36B648DF2A}.Release|Any CPU.ActiveCfg = Release|Any CPU
		{E2ECB703-E07E-46D2-90CC-0F36B648DF2A}.Release|Any CPU.Build.0 = Release|Any CPU
		{E2ECB703-E07E-46D2-90CC-0F36B648DF2A}.Release|ARM.ActiveCfg = Release|Any CPU
		{E2ECB703-E07E-46D2-90CC-0F36B648DF2A}.Release|ARM.Build.0 = Release|Any CPU
		{E2ECB703-E07E-46D2-90CC-0F36B648DF2A}.Release|iPhone.ActiveCfg = Release|Any CPU
		{E2ECB703-E07E-46D2-90CC-0F36B648DF2A}.Release|iPhone.Build.0 = Release|Any CPU
		{E2ECB703-E07E-46D2-90CC-0F36B648DF2A}.Release|iPhoneSimulator.ActiveCfg = Release|Any CPU
		{E2ECB703-E07E-46D2-90CC-0F36B648DF2A}.Release|iPhoneSimulator.Build.0 = Release|Any CPU
		{E2ECB703-E07E-46D2-90CC-0F36B648DF2A}.Release|x64.ActiveCfg = Release|Any CPU
		{E2ECB703-E07E-46D2-90CC-0F36B648DF2A}.Release|x64.Build.0 = Release|Any CPU
		{E2ECB703-E07E-46D2-90CC-0F36B648DF2A}.Release|x86.ActiveCfg = Release|Any CPU
		{E2ECB703-E07E-46D2-90CC-0F36B648DF2A}.Release|x86.Build.0 = Release|Any CPU
		{E9F213B3-2C36-4055-9ADB-3F4039BBD2AA}.Ad-Hoc|Any CPU.ActiveCfg = Release|x64
		{E9F213B3-2C36-4055-9ADB-3F4039BBD2AA}.Ad-Hoc|Any CPU.Build.0 = Release|x64
		{E9F213B3-2C36-4055-9ADB-3F4039BBD2AA}.Ad-Hoc|ARM.ActiveCfg = Release|ARM
		{E9F213B3-2C36-4055-9ADB-3F4039BBD2AA}.Ad-Hoc|ARM.Build.0 = Release|ARM
		{E9F213B3-2C36-4055-9ADB-3F4039BBD2AA}.Ad-Hoc|iPhone.ActiveCfg = Release|x64
		{E9F213B3-2C36-4055-9ADB-3F4039BBD2AA}.Ad-Hoc|iPhone.Build.0 = Release|x64
		{E9F213B3-2C36-4055-9ADB-3F4039BBD2AA}.Ad-Hoc|iPhoneSimulator.ActiveCfg = Release|x64
		{E9F213B3-2C36-4055-9ADB-3F4039BBD2AA}.Ad-Hoc|iPhoneSimulator.Build.0 = Release|x64
		{E9F213B3-2C36-4055-9ADB-3F4039BBD2AA}.Ad-Hoc|x64.ActiveCfg = Release|x64
		{E9F213B3-2C36-4055-9ADB-3F4039BBD2AA}.Ad-Hoc|x64.Build.0 = Release|x64
		{E9F213B3-2C36-4055-9ADB-3F4039BBD2AA}.Ad-Hoc|x86.ActiveCfg = Release|Win32
		{E9F213B3-2C36-4055-9ADB-3F4039BBD2AA}.Ad-Hoc|x86.Build.0 = Release|Win32
		{E9F213B3-2C36-4055-9ADB-3F4039BBD2AA}.AppStore|Any CPU.ActiveCfg = Release|x64
		{E9F213B3-2C36-4055-9ADB-3F4039BBD2AA}.AppStore|Any CPU.Build.0 = Release|x64
		{E9F213B3-2C36-4055-9ADB-3F4039BBD2AA}.AppStore|ARM.ActiveCfg = Release|ARM
		{E9F213B3-2C36-4055-9ADB-3F4039BBD2AA}.AppStore|ARM.Build.0 = Release|ARM
		{E9F213B3-2C36-4055-9ADB-3F4039BBD2AA}.AppStore|iPhone.ActiveCfg = Release|x64
		{E9F213B3-2C36-4055-9ADB-3F4039BBD2AA}.AppStore|iPhone.Build.0 = Release|x64
		{E9F213B3-2C36-4055-9ADB-3F4039BBD2AA}.AppStore|iPhoneSimulator.ActiveCfg = Release|x64
		{E9F213B3-2C36-4055-9ADB-3F4039BBD2AA}.AppStore|iPhoneSimulator.Build.0 = Release|x64
		{E9F213B3-2C36-4055-9ADB-3F4039BBD2AA}.AppStore|x64.ActiveCfg = Release|x64
		{E9F213B3-2C36-4055-9ADB-3F4039BBD2AA}.AppStore|x64.Build.0 = Release|x64
		{E9F213B3-2C36-4055-9ADB-3F4039BBD2AA}.AppStore|x86.ActiveCfg = Release|Win32
		{E9F213B3-2C36-4055-9ADB-3F4039BBD2AA}.AppStore|x86.Build.0 = Release|Win32
		{E9F213B3-2C36-4055-9ADB-3F4039BBD2AA}.Debug|Any CPU.ActiveCfg = Debug|Win32
		{E9F213B3-2C36-4055-9ADB-3F4039BBD2AA}.Debug|ARM.ActiveCfg = Debug|ARM
		{E9F213B3-2C36-4055-9ADB-3F4039BBD2AA}.Debug|ARM.Build.0 = Debug|ARM
		{E9F213B3-2C36-4055-9ADB-3F4039BBD2AA}.Debug|iPhone.ActiveCfg = Debug|Win32
		{E9F213B3-2C36-4055-9ADB-3F4039BBD2AA}.Debug|iPhoneSimulator.ActiveCfg = Debug|Win32
		{E9F213B3-2C36-4055-9ADB-3F4039BBD2AA}.Debug|x64.ActiveCfg = Debug|x64
		{E9F213B3-2C36-4055-9ADB-3F4039BBD2AA}.Debug|x64.Build.0 = Debug|x64
		{E9F213B3-2C36-4055-9ADB-3F4039BBD2AA}.Debug|x86.ActiveCfg = Debug|Win32
		{E9F213B3-2C36-4055-9ADB-3F4039BBD2AA}.Debug|x86.Build.0 = Debug|Win32
		{E9F213B3-2C36-4055-9ADB-3F4039BBD2AA}.Release|Any CPU.ActiveCfg = Release|Win32
		{E9F213B3-2C36-4055-9ADB-3F4039BBD2AA}.Release|ARM.ActiveCfg = Release|ARM
		{E9F213B3-2C36-4055-9ADB-3F4039BBD2AA}.Release|ARM.Build.0 = Release|ARM
		{E9F213B3-2C36-4055-9ADB-3F4039BBD2AA}.Release|iPhone.ActiveCfg = Release|Win32
		{E9F213B3-2C36-4055-9ADB-3F4039BBD2AA}.Release|iPhoneSimulator.ActiveCfg = Release|Win32
		{E9F213B3-2C36-4055-9ADB-3F4039BBD2AA}.Release|x64.ActiveCfg = Release|x64
		{E9F213B3-2C36-4055-9ADB-3F4039BBD2AA}.Release|x64.Build.0 = Release|x64
		{E9F213B3-2C36-4055-9ADB-3F4039BBD2AA}.Release|x86.ActiveCfg = Release|Win32
		{E9F213B3-2C36-4055-9ADB-3F4039BBD2AA}.Release|x86.Build.0 = Release|Win32
		{CF589C26-D0DF-405D-9A73-08D20A49E622}.Ad-Hoc|Any CPU.ActiveCfg = Release|ARM
		{CF589C26-D0DF-405D-9A73-08D20A49E622}.Ad-Hoc|Any CPU.Build.0 = Release|ARM
		{CF589C26-D0DF-405D-9A73-08D20A49E622}.Ad-Hoc|ARM.ActiveCfg = Release|ARM
		{CF589C26-D0DF-405D-9A73-08D20A49E622}.Ad-Hoc|ARM.Build.0 = Release|ARM
		{CF589C26-D0DF-405D-9A73-08D20A49E622}.Ad-Hoc|iPhone.ActiveCfg = Release|ARM
		{CF589C26-D0DF-405D-9A73-08D20A49E622}.Ad-Hoc|iPhone.Build.0 = Release|ARM
		{CF589C26-D0DF-405D-9A73-08D20A49E622}.Ad-Hoc|iPhoneSimulator.ActiveCfg = Release|ARM
		{CF589C26-D0DF-405D-9A73-08D20A49E622}.Ad-Hoc|iPhoneSimulator.Build.0 = Release|ARM
		{CF589C26-D0DF-405D-9A73-08D20A49E622}.Ad-Hoc|x64.ActiveCfg = Release|ARM
		{CF589C26-D0DF-405D-9A73-08D20A49E622}.Ad-Hoc|x64.Build.0 = Release|ARM
		{CF589C26-D0DF-405D-9A73-08D20A49E622}.Ad-Hoc|x86.ActiveCfg = Release|Win32
		{CF589C26-D0DF-405D-9A73-08D20A49E622}.Ad-Hoc|x86.Build.0 = Release|Win32
		{CF589C26-D0DF-405D-9A73-08D20A49E622}.AppStore|Any CPU.ActiveCfg = Release|ARM
		{CF589C26-D0DF-405D-9A73-08D20A49E622}.AppStore|Any CPU.Build.0 = Release|ARM
		{CF589C26-D0DF-405D-9A73-08D20A49E622}.AppStore|ARM.ActiveCfg = Release|ARM
		{CF589C26-D0DF-405D-9A73-08D20A49E622}.AppStore|ARM.Build.0 = Release|ARM
		{CF589C26-D0DF-405D-9A73-08D20A49E622}.AppStore|iPhone.ActiveCfg = Release|ARM
		{CF589C26-D0DF-405D-9A73-08D20A49E622}.AppStore|iPhone.Build.0 = Release|ARM
		{CF589C26-D0DF-405D-9A73-08D20A49E622}.AppStore|iPhoneSimulator.ActiveCfg = Release|ARM
		{CF589C26-D0DF-405D-9A73-08D20A49E622}.AppStore|iPhoneSimulator.Build.0 = Release|ARM
		{CF589C26-D0DF-405D-9A73-08D20A49E622}.AppStore|x64.ActiveCfg = Release|ARM
		{CF589C26-D0DF-405D-9A73-08D20A49E622}.AppStore|x64.Build.0 = Release|ARM
		{CF589C26-D0DF-405D-9A73-08D20A49E622}.AppStore|x86.ActiveCfg = Release|Win32
		{CF589C26-D0DF-405D-9A73-08D20A49E622}.AppStore|x86.Build.0 = Release|Win32
		{CF589C26-D0DF-405D-9A73-08D20A49E622}.Debug|Any CPU.ActiveCfg = Debug|Win32
		{CF589C26-D0DF-405D-9A73-08D20A49E622}.Debug|ARM.ActiveCfg = Debug|ARM
		{CF589C26-D0DF-405D-9A73-08D20A49E622}.Debug|ARM.Build.0 = Debug|ARM
		{CF589C26-D0DF-405D-9A73-08D20A49E622}.Debug|iPhone.ActiveCfg = Debug|Win32
		{CF589C26-D0DF-405D-9A73-08D20A49E622}.Debug|iPhoneSimulator.ActiveCfg = Debug|Win32
		{CF589C26-D0DF-405D-9A73-08D20A49E622}.Debug|x64.ActiveCfg = Debug|Win32
		{CF589C26-D0DF-405D-9A73-08D20A49E622}.Debug|x86.ActiveCfg = Debug|Win32
		{CF589C26-D0DF-405D-9A73-08D20A49E622}.Debug|x86.Build.0 = Debug|Win32
		{CF589C26-D0DF-405D-9A73-08D20A49E622}.Release|Any CPU.ActiveCfg = Release|Win32
		{CF589C26-D0DF-405D-9A73-08D20A49E622}.Release|ARM.ActiveCfg = Release|ARM
		{CF589C26-D0DF-405D-9A73-08D20A49E622}.Release|ARM.Build.0 = Release|ARM
		{CF589C26-D0DF-405D-9A73-08D20A49E622}.Release|iPhone.ActiveCfg = Release|Win32
		{CF589C26-D0DF-405D-9A73-08D20A49E622}.Release|iPhoneSimulator.ActiveCfg = Release|Win32
		{CF589C26-D0DF-405D-9A73-08D20A49E622}.Release|x64.ActiveCfg = Release|Win32
		{CF589C26-D0DF-405D-9A73-08D20A49E622}.Release|x86.ActiveCfg = Release|Win32
		{CF589C26-D0DF-405D-9A73-08D20A49E622}.Release|x86.Build.0 = Release|Win32
		{C144F835-925A-444A-A9A2-AE193DF2993F}.Ad-Hoc|Any CPU.ActiveCfg = Release|x86
		{C144F835-925A-444A-A9A2-AE193DF2993F}.Ad-Hoc|Any CPU.Build.0 = Release|x86
		{C144F835-925A-444A-A9A2-AE193DF2993F}.Ad-Hoc|Any CPU.Deploy.0 = Release|x86
		{C144F835-925A-444A-A9A2-AE193DF2993F}.Ad-Hoc|ARM.ActiveCfg = Release|ARM
		{C144F835-925A-444A-A9A2-AE193DF2993F}.Ad-Hoc|ARM.Build.0 = Release|ARM
		{C144F835-925A-444A-A9A2-AE193DF2993F}.Ad-Hoc|ARM.Deploy.0 = Release|ARM
		{C144F835-925A-444A-A9A2-AE193DF2993F}.Ad-Hoc|iPhone.ActiveCfg = Release|x86
		{C144F835-925A-444A-A9A2-AE193DF2993F}.Ad-Hoc|iPhone.Build.0 = Release|x86
		{C144F835-925A-444A-A9A2-AE193DF2993F}.Ad-Hoc|iPhone.Deploy.0 = Release|x86
		{C144F835-925A-444A-A9A2-AE193DF2993F}.Ad-Hoc|iPhoneSimulator.ActiveCfg = Release|x86
		{C144F835-925A-444A-A9A2-AE193DF2993F}.Ad-Hoc|iPhoneSimulator.Build.0 = Release|x86
		{C144F835-925A-444A-A9A2-AE193DF2993F}.Ad-Hoc|iPhoneSimulator.Deploy.0 = Release|x86
		{C144F835-925A-444A-A9A2-AE193DF2993F}.Ad-Hoc|x64.ActiveCfg = Release|x64
		{C144F835-925A-444A-A9A2-AE193DF2993F}.Ad-Hoc|x64.Build.0 = Release|x64
		{C144F835-925A-444A-A9A2-AE193DF2993F}.Ad-Hoc|x64.Deploy.0 = Release|x64
		{C144F835-925A-444A-A9A2-AE193DF2993F}.Ad-Hoc|x86.ActiveCfg = Release|x86
		{C144F835-925A-444A-A9A2-AE193DF2993F}.Ad-Hoc|x86.Build.0 = Release|x86
		{C144F835-925A-444A-A9A2-AE193DF2993F}.Ad-Hoc|x86.Deploy.0 = Release|x86
		{C144F835-925A-444A-A9A2-AE193DF2993F}.AppStore|Any CPU.ActiveCfg = Release|x86
		{C144F835-925A-444A-A9A2-AE193DF2993F}.AppStore|Any CPU.Build.0 = Release|x86
		{C144F835-925A-444A-A9A2-AE193DF2993F}.AppStore|Any CPU.Deploy.0 = Release|x86
		{C144F835-925A-444A-A9A2-AE193DF2993F}.AppStore|ARM.ActiveCfg = Release|ARM
		{C144F835-925A-444A-A9A2-AE193DF2993F}.AppStore|ARM.Build.0 = Release|ARM
		{C144F835-925A-444A-A9A2-AE193DF2993F}.AppStore|ARM.Deploy.0 = Release|ARM
		{C144F835-925A-444A-A9A2-AE193DF2993F}.AppStore|iPhone.ActiveCfg = Release|x86
		{C144F835-925A-444A-A9A2-AE193DF2993F}.AppStore|iPhone.Build.0 = Release|x86
		{C144F835-925A-444A-A9A2-AE193DF2993F}.AppStore|iPhone.Deploy.0 = Release|x86
		{C144F835-925A-444A-A9A2-AE193DF2993F}.AppStore|iPhoneSimulator.ActiveCfg = Release|x86
		{C144F835-925A-444A-A9A2-AE193DF2993F}.AppStore|iPhoneSimulator.Build.0 = Release|x86
		{C144F835-925A-444A-A9A2-AE193DF2993F}.AppStore|iPhoneSimulator.Deploy.0 = Release|x86
		{C144F835-925A-444A-A9A2-AE193DF2993F}.AppStore|x64.ActiveCfg = Release|x64
		{C144F835-925A-444A-A9A2-AE193DF2993F}.AppStore|x64.Build.0 = Release|x64
		{C144F835-925A-444A-A9A2-AE193DF2993F}.AppStore|x64.Deploy.0 = Release|x64
		{C144F835-925A-444A-A9A2-AE193DF2993F}.AppStore|x86.ActiveCfg = Release|x86
		{C144F835-925A-444A-A9A2-AE193DF2993F}.AppStore|x86.Build.0 = Release|x86
		{C144F835-925A-444A-A9A2-AE193DF2993F}.AppStore|x86.Deploy.0 = Release|x86
		{C144F835-925A-444A-A9A2-AE193DF2993F}.Debug|Any CPU.ActiveCfg = Debug|x86
		{C144F835-925A-444A-A9A2-AE193DF2993F}.Debug|ARM.ActiveCfg = Debug|ARM
		{C144F835-925A-444A-A9A2-AE193DF2993F}.Debug|ARM.Build.0 = Debug|ARM
		{C144F835-925A-444A-A9A2-AE193DF2993F}.Debug|ARM.Deploy.0 = Debug|ARM
		{C144F835-925A-444A-A9A2-AE193DF2993F}.Debug|iPhone.ActiveCfg = Debug|x86
		{C144F835-925A-444A-A9A2-AE193DF2993F}.Debug|iPhoneSimulator.ActiveCfg = Debug|x86
		{C144F835-925A-444A-A9A2-AE193DF2993F}.Debug|x64.ActiveCfg = Debug|x64
		{C144F835-925A-444A-A9A2-AE193DF2993F}.Debug|x64.Build.0 = Debug|x64
		{C144F835-925A-444A-A9A2-AE193DF2993F}.Debug|x64.Deploy.0 = Debug|x64
		{C144F835-925A-444A-A9A2-AE193DF2993F}.Debug|x86.ActiveCfg = Debug|x86
		{C144F835-925A-444A-A9A2-AE193DF2993F}.Debug|x86.Build.0 = Debug|x86
		{C144F835-925A-444A-A9A2-AE193DF2993F}.Debug|x86.Deploy.0 = Debug|x86
		{C144F835-925A-444A-A9A2-AE193DF2993F}.Release|Any CPU.ActiveCfg = Release|x86
		{C144F835-925A-444A-A9A2-AE193DF2993F}.Release|ARM.ActiveCfg = Release|ARM
		{C144F835-925A-444A-A9A2-AE193DF2993F}.Release|ARM.Build.0 = Release|ARM
		{C144F835-925A-444A-A9A2-AE193DF2993F}.Release|ARM.Deploy.0 = Release|ARM
		{C144F835-925A-444A-A9A2-AE193DF2993F}.Release|iPhone.ActiveCfg = Release|x86
		{C144F835-925A-444A-A9A2-AE193DF2993F}.Release|iPhoneSimulator.ActiveCfg = Release|x86
		{C144F835-925A-444A-A9A2-AE193DF2993F}.Release|x64.ActiveCfg = Release|x64
		{C144F835-925A-444A-A9A2-AE193DF2993F}.Release|x64.Build.0 = Release|x64
		{C144F835-925A-444A-A9A2-AE193DF2993F}.Release|x64.Deploy.0 = Release|x64
		{C144F835-925A-444A-A9A2-AE193DF2993F}.Release|x86.ActiveCfg = Release|x86
		{C144F835-925A-444A-A9A2-AE193DF2993F}.Release|x86.Build.0 = Release|x86
		{C144F835-925A-444A-A9A2-AE193DF2993F}.Release|x86.Deploy.0 = Release|x86
		{EE62D00D-B9AD-4322-ABDC-877AE7F0B011}.Ad-Hoc|Any CPU.ActiveCfg = Release|x64
		{EE62D00D-B9AD-4322-ABDC-877AE7F0B011}.Ad-Hoc|Any CPU.Build.0 = Release|x64
		{EE62D00D-B9AD-4322-ABDC-877AE7F0B011}.Ad-Hoc|Any CPU.Deploy.0 = Release|x64
		{EE62D00D-B9AD-4322-ABDC-877AE7F0B011}.Ad-Hoc|ARM.ActiveCfg = Release|ARM
		{EE62D00D-B9AD-4322-ABDC-877AE7F0B011}.Ad-Hoc|ARM.Build.0 = Release|ARM
		{EE62D00D-B9AD-4322-ABDC-877AE7F0B011}.Ad-Hoc|ARM.Deploy.0 = Release|ARM
		{EE62D00D-B9AD-4322-ABDC-877AE7F0B011}.Ad-Hoc|iPhone.ActiveCfg = Release|x64
		{EE62D00D-B9AD-4322-ABDC-877AE7F0B011}.Ad-Hoc|iPhone.Build.0 = Release|x64
		{EE62D00D-B9AD-4322-ABDC-877AE7F0B011}.Ad-Hoc|iPhone.Deploy.0 = Release|x64
		{EE62D00D-B9AD-4322-ABDC-877AE7F0B011}.Ad-Hoc|iPhoneSimulator.ActiveCfg = Release|x64
		{EE62D00D-B9AD-4322-ABDC-877AE7F0B011}.Ad-Hoc|iPhoneSimulator.Build.0 = Release|x64
		{EE62D00D-B9AD-4322-ABDC-877AE7F0B011}.Ad-Hoc|iPhoneSimulator.Deploy.0 = Release|x64
		{EE62D00D-B9AD-4322-ABDC-877AE7F0B011}.Ad-Hoc|x64.ActiveCfg = Release|x64
		{EE62D00D-B9AD-4322-ABDC-877AE7F0B011}.Ad-Hoc|x64.Build.0 = Release|x64
		{EE62D00D-B9AD-4322-ABDC-877AE7F0B011}.Ad-Hoc|x64.Deploy.0 = Release|x64
		{EE62D00D-B9AD-4322-ABDC-877AE7F0B011}.Ad-Hoc|x86.ActiveCfg = Release|x86
		{EE62D00D-B9AD-4322-ABDC-877AE7F0B011}.Ad-Hoc|x86.Build.0 = Release|x86
		{EE62D00D-B9AD-4322-ABDC-877AE7F0B011}.Ad-Hoc|x86.Deploy.0 = Release|x86
		{EE62D00D-B9AD-4322-ABDC-877AE7F0B011}.AppStore|Any CPU.ActiveCfg = Release|x64
		{EE62D00D-B9AD-4322-ABDC-877AE7F0B011}.AppStore|Any CPU.Build.0 = Release|x64
		{EE62D00D-B9AD-4322-ABDC-877AE7F0B011}.AppStore|Any CPU.Deploy.0 = Release|x64
		{EE62D00D-B9AD-4322-ABDC-877AE7F0B011}.AppStore|ARM.ActiveCfg = Release|ARM
		{EE62D00D-B9AD-4322-ABDC-877AE7F0B011}.AppStore|ARM.Build.0 = Release|ARM
		{EE62D00D-B9AD-4322-ABDC-877AE7F0B011}.AppStore|ARM.Deploy.0 = Release|ARM
		{EE62D00D-B9AD-4322-ABDC-877AE7F0B011}.AppStore|iPhone.ActiveCfg = Release|x64
		{EE62D00D-B9AD-4322-ABDC-877AE7F0B011}.AppStore|iPhone.Build.0 = Release|x64
		{EE62D00D-B9AD-4322-ABDC-877AE7F0B011}.AppStore|iPhone.Deploy.0 = Release|x64
		{EE62D00D-B9AD-4322-ABDC-877AE7F0B011}.AppStore|iPhoneSimulator.ActiveCfg = Release|x64
		{EE62D00D-B9AD-4322-ABDC-877AE7F0B011}.AppStore|iPhoneSimulator.Build.0 = Release|x64
		{EE62D00D-B9AD-4322-ABDC-877AE7F0B011}.AppStore|iPhoneSimulator.Deploy.0 = Release|x64
		{EE62D00D-B9AD-4322-ABDC-877AE7F0B011}.AppStore|x64.ActiveCfg = Release|x64
		{EE62D00D-B9AD-4322-ABDC-877AE7F0B011}.AppStore|x64.Build.0 = Release|x64
		{EE62D00D-B9AD-4322-ABDC-877AE7F0B011}.AppStore|x64.Deploy.0 = Release|x64
		{EE62D00D-B9AD-4322-ABDC-877AE7F0B011}.AppStore|x86.ActiveCfg = Release|x86
		{EE62D00D-B9AD-4322-ABDC-877AE7F0B011}.AppStore|x86.Build.0 = Release|x86
		{EE62D00D-B9AD-4322-ABDC-877AE7F0B011}.AppStore|x86.Deploy.0 = Release|x86
		{EE62D00D-B9AD-4322-ABDC-877AE7F0B011}.Debug|Any CPU.ActiveCfg = Debug|x86
		{EE62D00D-B9AD-4322-ABDC-877AE7F0B011}.Debug|ARM.ActiveCfg = Debug|ARM
		{EE62D00D-B9AD-4322-ABDC-877AE7F0B011}.Debug|ARM.Build.0 = Debug|ARM
		{EE62D00D-B9AD-4322-ABDC-877AE7F0B011}.Debug|ARM.Deploy.0 = Debug|ARM
		{EE62D00D-B9AD-4322-ABDC-877AE7F0B011}.Debug|iPhone.ActiveCfg = Debug|x86
		{EE62D00D-B9AD-4322-ABDC-877AE7F0B011}.Debug|iPhoneSimulator.ActiveCfg = Debug|x86
		{EE62D00D-B9AD-4322-ABDC-877AE7F0B011}.Debug|x64.ActiveCfg = Debug|x64
		{EE62D00D-B9AD-4322-ABDC-877AE7F0B011}.Debug|x64.Build.0 = Debug|x64
		{EE62D00D-B9AD-4322-ABDC-877AE7F0B011}.Debug|x64.Deploy.0 = Debug|x64
		{EE62D00D-B9AD-4322-ABDC-877AE7F0B011}.Debug|x86.ActiveCfg = Debug|x86
		{EE62D00D-B9AD-4322-ABDC-877AE7F0B011}.Debug|x86.Build.0 = Debug|x86
		{EE62D00D-B9AD-4322-ABDC-877AE7F0B011}.Debug|x86.Deploy.0 = Debug|x86
		{EE62D00D-B9AD-4322-ABDC-877AE7F0B011}.Release|Any CPU.ActiveCfg = Release|x86
		{EE62D00D-B9AD-4322-ABDC-877AE7F0B011}.Release|ARM.ActiveCfg = Release|ARM
		{EE62D00D-B9AD-4322-ABDC-877AE7F0B011}.Release|ARM.Build.0 = Release|ARM
		{EE62D00D-B9AD-4322-ABDC-877AE7F0B011}.Release|ARM.Deploy.0 = Release|ARM
		{EE62D00D-B9AD-4322-ABDC-877AE7F0B011}.Release|iPhone.ActiveCfg = Release|x86
		{EE62D00D-B9AD-4322-ABDC-877AE7F0B011}.Release|iPhoneSimulator.ActiveCfg = Release|x86
		{EE62D00D-B9AD-4322-ABDC-877AE7F0B011}.Release|x64.ActiveCfg = Release|x64
		{EE62D00D-B9AD-4322-ABDC-877AE7F0B011}.Release|x64.Build.0 = Release|x64
		{EE62D00D-B9AD-4322-ABDC-877AE7F0B011}.Release|x64.Deploy.0 = Release|x64
		{EE62D00D-B9AD-4322-ABDC-877AE7F0B011}.Release|x86.ActiveCfg = Release|x86
		{EE62D00D-B9AD-4322-ABDC-877AE7F0B011}.Release|x86.Build.0 = Release|x86
		{EE62D00D-B9AD-4322-ABDC-877AE7F0B011}.Release|x86.Deploy.0 = Release|x86
		{38CAEE65-36AC-477B-B190-776A602A3CC0}.Ad-Hoc|Any CPU.ActiveCfg = Release|Any CPU
		{38CAEE65-36AC-477B-B190-776A602A3CC0}.Ad-Hoc|Any CPU.Build.0 = Release|Any CPU
		{38CAEE65-36AC-477B-B190-776A602A3CC0}.Ad-Hoc|Any CPU.Deploy.0 = Release|Any CPU
		{38CAEE65-36AC-477B-B190-776A602A3CC0}.Ad-Hoc|ARM.ActiveCfg = Release|Any CPU
		{38CAEE65-36AC-477B-B190-776A602A3CC0}.Ad-Hoc|ARM.Build.0 = Release|Any CPU
		{38CAEE65-36AC-477B-B190-776A602A3CC0}.Ad-Hoc|ARM.Deploy.0 = Release|Any CPU
		{38CAEE65-36AC-477B-B190-776A602A3CC0}.Ad-Hoc|iPhone.ActiveCfg = Release|Any CPU
		{38CAEE65-36AC-477B-B190-776A602A3CC0}.Ad-Hoc|iPhone.Build.0 = Release|Any CPU
		{38CAEE65-36AC-477B-B190-776A602A3CC0}.Ad-Hoc|iPhone.Deploy.0 = Release|Any CPU
		{38CAEE65-36AC-477B-B190-776A602A3CC0}.Ad-Hoc|iPhoneSimulator.ActiveCfg = Release|Any CPU
		{38CAEE65-36AC-477B-B190-776A602A3CC0}.Ad-Hoc|iPhoneSimulator.Build.0 = Release|Any CPU
		{38CAEE65-36AC-477B-B190-776A602A3CC0}.Ad-Hoc|iPhoneSimulator.Deploy.0 = Release|Any CPU
		{38CAEE65-36AC-477B-B190-776A602A3CC0}.Ad-Hoc|x64.ActiveCfg = Release|Any CPU
		{38CAEE65-36AC-477B-B190-776A602A3CC0}.Ad-Hoc|x64.Build.0 = Release|Any CPU
		{38CAEE65-36AC-477B-B190-776A602A3CC0}.Ad-Hoc|x64.Deploy.0 = Release|Any CPU
		{38CAEE65-36AC-477B-B190-776A602A3CC0}.Ad-Hoc|x86.ActiveCfg = Release|Any CPU
		{38CAEE65-36AC-477B-B190-776A602A3CC0}.Ad-Hoc|x86.Build.0 = Release|Any CPU
		{38CAEE65-36AC-477B-B190-776A602A3CC0}.Ad-Hoc|x86.Deploy.0 = Release|Any CPU
		{38CAEE65-36AC-477B-B190-776A602A3CC0}.AppStore|Any CPU.ActiveCfg = Release|Any CPU
		{38CAEE65-36AC-477B-B190-776A602A3CC0}.AppStore|Any CPU.Build.0 = Release|Any CPU
		{38CAEE65-36AC-477B-B190-776A602A3CC0}.AppStore|Any CPU.Deploy.0 = Release|Any CPU
		{38CAEE65-36AC-477B-B190-776A602A3CC0}.AppStore|ARM.ActiveCfg = Release|Any CPU
		{38CAEE65-36AC-477B-B190-776A602A3CC0}.AppStore|ARM.Build.0 = Release|Any CPU
		{38CAEE65-36AC-477B-B190-776A602A3CC0}.AppStore|ARM.Deploy.0 = Release|Any CPU
		{38CAEE65-36AC-477B-B190-776A602A3CC0}.AppStore|iPhone.ActiveCfg = Release|Any CPU
		{38CAEE65-36AC-477B-B190-776A602A3CC0}.AppStore|iPhone.Build.0 = Release|Any CPU
		{38CAEE65-36AC-477B-B190-776A602A3CC0}.AppStore|iPhone.Deploy.0 = Release|Any CPU
		{38CAEE65-36AC-477B-B190-776A602A3CC0}.AppStore|iPhoneSimulator.ActiveCfg = Release|Any CPU
		{38CAEE65-36AC-477B-B190-776A602A3CC0}.AppStore|iPhoneSimulator.Build.0 = Release|Any CPU
		{38CAEE65-36AC-477B-B190-776A602A3CC0}.AppStore|iPhoneSimulator.Deploy.0 = Release|Any CPU
		{38CAEE65-36AC-477B-B190-776A602A3CC0}.AppStore|x64.ActiveCfg = Release|Any CPU
		{38CAEE65-36AC-477B-B190-776A602A3CC0}.AppStore|x64.Build.0 = Release|Any CPU
		{38CAEE65-36AC-477B-B190-776A602A3CC0}.AppStore|x64.Deploy.0 = Release|Any CPU
		{38CAEE65-36AC-477B-B190-776A602A3CC0}.AppStore|x86.ActiveCfg = Release|Any CPU
		{38CAEE65-36AC-477B-B190-776A602A3CC0}.AppStore|x86.Build.0 = Release|Any CPU
		{38CAEE65-36AC-477B-B190-776A602A3CC0}.AppStore|x86.Deploy.0 = Release|Any CPU
		{38CAEE65-36AC-477B-B190-776A602A3CC0}.Debug|Any CPU.ActiveCfg = Debug|Any CPU
		{38CAEE65-36AC-477B-B190-776A602A3CC0}.Debug|Any CPU.Build.0 = Debug|Any CPU
		{38CAEE65-36AC-477B-B190-776A602A3CC0}.Debug|Any CPU.Deploy.0 = Debug|Any CPU
		{38CAEE65-36AC-477B-B190-776A602A3CC0}.Debug|ARM.ActiveCfg = Debug|Any CPU
		{38CAEE65-36AC-477B-B190-776A602A3CC0}.Debug|ARM.Build.0 = Debug|Any CPU
		{38CAEE65-36AC-477B-B190-776A602A3CC0}.Debug|ARM.Deploy.0 = Debug|Any CPU
		{38CAEE65-36AC-477B-B190-776A602A3CC0}.Debug|iPhone.ActiveCfg = Debug|Any CPU
		{38CAEE65-36AC-477B-B190-776A602A3CC0}.Debug|iPhone.Build.0 = Debug|Any CPU
		{38CAEE65-36AC-477B-B190-776A602A3CC0}.Debug|iPhone.Deploy.0 = Debug|Any CPU
		{38CAEE65-36AC-477B-B190-776A602A3CC0}.Debug|iPhoneSimulator.ActiveCfg = Debug|Any CPU
		{38CAEE65-36AC-477B-B190-776A602A3CC0}.Debug|iPhoneSimulator.Build.0 = Debug|Any CPU
		{38CAEE65-36AC-477B-B190-776A602A3CC0}.Debug|iPhoneSimulator.Deploy.0 = Debug|Any CPU
		{38CAEE65-36AC-477B-B190-776A602A3CC0}.Debug|x64.ActiveCfg = Debug|Any CPU
		{38CAEE65-36AC-477B-B190-776A602A3CC0}.Debug|x64.Build.0 = Debug|Any CPU
		{38CAEE65-36AC-477B-B190-776A602A3CC0}.Debug|x64.Deploy.0 = Debug|Any CPU
		{38CAEE65-36AC-477B-B190-776A602A3CC0}.Debug|x86.ActiveCfg = Debug|Any CPU
		{38CAEE65-36AC-477B-B190-776A602A3CC0}.Debug|x86.Build.0 = Debug|Any CPU
		{38CAEE65-36AC-477B-B190-776A602A3CC0}.Debug|x86.Deploy.0 = Debug|Any CPU
		{38CAEE65-36AC-477B-B190-776A602A3CC0}.Release|Any CPU.ActiveCfg = Release|Any CPU
		{38CAEE65-36AC-477B-B190-776A602A3CC0}.Release|Any CPU.Build.0 = Release|Any CPU
		{38CAEE65-36AC-477B-B190-776A602A3CC0}.Release|Any CPU.Deploy.0 = Release|Any CPU
		{38CAEE65-36AC-477B-B190-776A602A3CC0}.Release|ARM.ActiveCfg = Release|Any CPU
		{38CAEE65-36AC-477B-B190-776A602A3CC0}.Release|ARM.Build.0 = Release|Any CPU
		{38CAEE65-36AC-477B-B190-776A602A3CC0}.Release|ARM.Deploy.0 = Release|Any CPU
		{38CAEE65-36AC-477B-B190-776A602A3CC0}.Release|iPhone.ActiveCfg = Release|Any CPU
		{38CAEE65-36AC-477B-B190-776A602A3CC0}.Release|iPhone.Build.0 = Release|Any CPU
		{38CAEE65-36AC-477B-B190-776A602A3CC0}.Release|iPhone.Deploy.0 = Release|Any CPU
		{38CAEE65-36AC-477B-B190-776A602A3CC0}.Release|iPhoneSimulator.ActiveCfg = Release|Any CPU
		{38CAEE65-36AC-477B-B190-776A602A3CC0}.Release|iPhoneSimulator.Build.0 = Release|Any CPU
		{38CAEE65-36AC-477B-B190-776A602A3CC0}.Release|iPhoneSimulator.Deploy.0 = Release|Any CPU
		{38CAEE65-36AC-477B-B190-776A602A3CC0}.Release|x64.ActiveCfg = Release|Any CPU
		{38CAEE65-36AC-477B-B190-776A602A3CC0}.Release|x64.Build.0 = Release|Any CPU
		{38CAEE65-36AC-477B-B190-776A602A3CC0}.Release|x64.Deploy.0 = Release|Any CPU
		{38CAEE65-36AC-477B-B190-776A602A3CC0}.Release|x86.ActiveCfg = Release|Any CPU
		{38CAEE65-36AC-477B-B190-776A602A3CC0}.Release|x86.Build.0 = Release|Any CPU
		{38CAEE65-36AC-477B-B190-776A602A3CC0}.Release|x86.Deploy.0 = Release|Any CPU
		{48A56E2C-4873-41E7-B23D-29AF601E4CDC}.Ad-Hoc|Any CPU.ActiveCfg = Ad-Hoc|iPhone
		{48A56E2C-4873-41E7-B23D-29AF601E4CDC}.Ad-Hoc|ARM.ActiveCfg = Ad-Hoc|iPhone
		{48A56E2C-4873-41E7-B23D-29AF601E4CDC}.Ad-Hoc|iPhone.ActiveCfg = Ad-Hoc|iPhone
		{48A56E2C-4873-41E7-B23D-29AF601E4CDC}.Ad-Hoc|iPhone.Build.0 = Ad-Hoc|iPhone
		{48A56E2C-4873-41E7-B23D-29AF601E4CDC}.Ad-Hoc|iPhoneSimulator.ActiveCfg = Ad-Hoc|iPhoneSimulator
		{48A56E2C-4873-41E7-B23D-29AF601E4CDC}.Ad-Hoc|iPhoneSimulator.Build.0 = Ad-Hoc|iPhoneSimulator
		{48A56E2C-4873-41E7-B23D-29AF601E4CDC}.Ad-Hoc|x64.ActiveCfg = Ad-Hoc|iPhone
		{48A56E2C-4873-41E7-B23D-29AF601E4CDC}.Ad-Hoc|x86.ActiveCfg = Ad-Hoc|iPhone
		{48A56E2C-4873-41E7-B23D-29AF601E4CDC}.AppStore|Any CPU.ActiveCfg = AppStore|iPhone
		{48A56E2C-4873-41E7-B23D-29AF601E4CDC}.AppStore|ARM.ActiveCfg = AppStore|iPhone
		{48A56E2C-4873-41E7-B23D-29AF601E4CDC}.AppStore|iPhone.ActiveCfg = AppStore|iPhone
		{48A56E2C-4873-41E7-B23D-29AF601E4CDC}.AppStore|iPhone.Build.0 = AppStore|iPhone
		{48A56E2C-4873-41E7-B23D-29AF601E4CDC}.AppStore|iPhoneSimulator.ActiveCfg = AppStore|iPhoneSimulator
		{48A56E2C-4873-41E7-B23D-29AF601E4CDC}.AppStore|iPhoneSimulator.Build.0 = AppStore|iPhoneSimulator
		{48A56E2C-4873-41E7-B23D-29AF601E4CDC}.AppStore|x64.ActiveCfg = AppStore|iPhone
		{48A56E2C-4873-41E7-B23D-29AF601E4CDC}.AppStore|x86.ActiveCfg = AppStore|iPhone
		{48A56E2C-4873-41E7-B23D-29AF601E4CDC}.Debug|Any CPU.ActiveCfg = Debug|iPhone
		{48A56E2C-4873-41E7-B23D-29AF601E4CDC}.Debug|ARM.ActiveCfg = Debug|iPhone
		{48A56E2C-4873-41E7-B23D-29AF601E4CDC}.Debug|iPhone.ActiveCfg = Debug|iPhone
		{48A56E2C-4873-41E7-B23D-29AF601E4CDC}.Debug|iPhone.Build.0 = Debug|iPhone
		{48A56E2C-4873-41E7-B23D-29AF601E4CDC}.Debug|iPhoneSimulator.ActiveCfg = Debug|iPhoneSimulator
		{48A56E2C-4873-41E7-B23D-29AF601E4CDC}.Debug|iPhoneSimulator.Build.0 = Debug|iPhoneSimulator
		{48A56E2C-4873-41E7-B23D-29AF601E4CDC}.Debug|x64.ActiveCfg = Debug|iPhone
		{48A56E2C-4873-41E7-B23D-29AF601E4CDC}.Debug|x86.ActiveCfg = Debug|iPhone
		{48A56E2C-4873-41E7-B23D-29AF601E4CDC}.Release|Any CPU.ActiveCfg = Release|iPhone
		{48A56E2C-4873-41E7-B23D-29AF601E4CDC}.Release|ARM.ActiveCfg = Release|iPhone
		{48A56E2C-4873-41E7-B23D-29AF601E4CDC}.Release|iPhone.ActiveCfg = Release|iPhone
		{48A56E2C-4873-41E7-B23D-29AF601E4CDC}.Release|iPhone.Build.0 = Release|iPhone
		{48A56E2C-4873-41E7-B23D-29AF601E4CDC}.Release|iPhoneSimulator.ActiveCfg = Release|iPhoneSimulator
		{48A56E2C-4873-41E7-B23D-29AF601E4CDC}.Release|iPhoneSimulator.Build.0 = Release|iPhoneSimulator
		{48A56E2C-4873-41E7-B23D-29AF601E4CDC}.Release|x64.ActiveCfg = Release|iPhone
		{48A56E2C-4873-41E7-B23D-29AF601E4CDC}.Release|x86.ActiveCfg = Release|iPhone
		{5D2E191D-8EE0-4F07-86DA-5F85E1912D4B}.Ad-Hoc|Any CPU.ActiveCfg = Release|Any CPU
		{5D2E191D-8EE0-4F07-86DA-5F85E1912D4B}.Ad-Hoc|Any CPU.Build.0 = Release|Any CPU
		{5D2E191D-8EE0-4F07-86DA-5F85E1912D4B}.Ad-Hoc|ARM.ActiveCfg = Release|Any CPU
		{5D2E191D-8EE0-4F07-86DA-5F85E1912D4B}.Ad-Hoc|ARM.Build.0 = Release|Any CPU
		{5D2E191D-8EE0-4F07-86DA-5F85E1912D4B}.Ad-Hoc|iPhone.ActiveCfg = Release|Any CPU
		{5D2E191D-8EE0-4F07-86DA-5F85E1912D4B}.Ad-Hoc|iPhone.Build.0 = Release|Any CPU
		{5D2E191D-8EE0-4F07-86DA-5F85E1912D4B}.Ad-Hoc|iPhoneSimulator.ActiveCfg = Release|Any CPU
		{5D2E191D-8EE0-4F07-86DA-5F85E1912D4B}.Ad-Hoc|iPhoneSimulator.Build.0 = Release|Any CPU
		{5D2E191D-8EE0-4F07-86DA-5F85E1912D4B}.Ad-Hoc|x64.ActiveCfg = Release|Any CPU
		{5D2E191D-8EE0-4F07-86DA-5F85E1912D4B}.Ad-Hoc|x64.Build.0 = Release|Any CPU
		{5D2E191D-8EE0-4F07-86DA-5F85E1912D4B}.Ad-Hoc|x86.ActiveCfg = Release|Any CPU
		{5D2E191D-8EE0-4F07-86DA-5F85E1912D4B}.Ad-Hoc|x86.Build.0 = Release|Any CPU
		{5D2E191D-8EE0-4F07-86DA-5F85E1912D4B}.AppStore|Any CPU.ActiveCfg = Release|Any CPU
		{5D2E191D-8EE0-4F07-86DA-5F85E1912D4B}.AppStore|Any CPU.Build.0 = Release|Any CPU
		{5D2E191D-8EE0-4F07-86DA-5F85E1912D4B}.AppStore|ARM.ActiveCfg = Release|Any CPU
		{5D2E191D-8EE0-4F07-86DA-5F85E1912D4B}.AppStore|ARM.Build.0 = Release|Any CPU
		{5D2E191D-8EE0-4F07-86DA-5F85E1912D4B}.AppStore|iPhone.ActiveCfg = Release|Any CPU
		{5D2E191D-8EE0-4F07-86DA-5F85E1912D4B}.AppStore|iPhone.Build.0 = Release|Any CPU
		{5D2E191D-8EE0-4F07-86DA-5F85E1912D4B}.AppStore|iPhoneSimulator.ActiveCfg = Release|Any CPU
		{5D2E191D-8EE0-4F07-86DA-5F85E1912D4B}.AppStore|iPhoneSimulator.Build.0 = Release|Any CPU
		{5D2E191D-8EE0-4F07-86DA-5F85E1912D4B}.AppStore|x64.ActiveCfg = Release|Any CPU
		{5D2E191D-8EE0-4F07-86DA-5F85E1912D4B}.AppStore|x64.Build.0 = Release|Any CPU
		{5D2E191D-8EE0-4F07-86DA-5F85E1912D4B}.AppStore|x86.ActiveCfg = Release|Any CPU
		{5D2E191D-8EE0-4F07-86DA-5F85E1912D4B}.AppStore|x86.Build.0 = Release|Any CPU
		{5D2E191D-8EE0-4F07-86DA-5F85E1912D4B}.Debug|Any CPU.ActiveCfg = Debug|Any CPU
		{5D2E191D-8EE0-4F07-86DA-5F85E1912D4B}.Debug|Any CPU.Build.0 = Debug|Any CPU
		{5D2E191D-8EE0-4F07-86DA-5F85E1912D4B}.Debug|ARM.ActiveCfg = Debug|Any CPU
		{5D2E191D-8EE0-4F07-86DA-5F85E1912D4B}.Debug|ARM.Build.0 = Debug|Any CPU
		{5D2E191D-8EE0-4F07-86DA-5F85E1912D4B}.Debug|iPhone.ActiveCfg = Debug|Any CPU
		{5D2E191D-8EE0-4F07-86DA-5F85E1912D4B}.Debug|iPhone.Build.0 = Debug|Any CPU
		{5D2E191D-8EE0-4F07-86DA-5F85E1912D4B}.Debug|iPhoneSimulator.ActiveCfg = Debug|Any CPU
		{5D2E191D-8EE0-4F07-86DA-5F85E1912D4B}.Debug|iPhoneSimulator.Build.0 = Debug|Any CPU
		{5D2E191D-8EE0-4F07-86DA-5F85E1912D4B}.Debug|x64.ActiveCfg = Debug|Any CPU
		{5D2E191D-8EE0-4F07-86DA-5F85E1912D4B}.Debug|x64.Build.0 = Debug|Any CPU
		{5D2E191D-8EE0-4F07-86DA-5F85E1912D4B}.Debug|x86.ActiveCfg = Debug|Any CPU
		{5D2E191D-8EE0-4F07-86DA-5F85E1912D4B}.Debug|x86.Build.0 = Debug|Any CPU
		{5D2E191D-8EE0-4F07-86DA-5F85E1912D4B}.Release|Any CPU.ActiveCfg = Release|Any CPU
		{5D2E191D-8EE0-4F07-86DA-5F85E1912D4B}.Release|Any CPU.Build.0 = Release|Any CPU
		{5D2E191D-8EE0-4F07-86DA-5F85E1912D4B}.Release|ARM.ActiveCfg = Release|Any CPU
		{5D2E191D-8EE0-4F07-86DA-5F85E1912D4B}.Release|ARM.Build.0 = Release|Any CPU
		{5D2E191D-8EE0-4F07-86DA-5F85E1912D4B}.Release|iPhone.ActiveCfg = Release|Any CPU
		{5D2E191D-8EE0-4F07-86DA-5F85E1912D4B}.Release|iPhone.Build.0 = Release|Any CPU
		{5D2E191D-8EE0-4F07-86DA-5F85E1912D4B}.Release|iPhoneSimulator.ActiveCfg = Release|Any CPU
		{5D2E191D-8EE0-4F07-86DA-5F85E1912D4B}.Release|iPhoneSimulator.Build.0 = Release|Any CPU
		{5D2E191D-8EE0-4F07-86DA-5F85E1912D4B}.Release|x64.ActiveCfg = Release|Any CPU
		{5D2E191D-8EE0-4F07-86DA-5F85E1912D4B}.Release|x64.Build.0 = Release|Any CPU
		{5D2E191D-8EE0-4F07-86DA-5F85E1912D4B}.Release|x86.ActiveCfg = Release|Any CPU
		{5D2E191D-8EE0-4F07-86DA-5F85E1912D4B}.Release|x86.Build.0 = Release|Any CPU
		{3EDE73D7-BA68-4174-89E9-12C0EAB4BFFA}.Ad-Hoc|Any CPU.ActiveCfg = Release|x64
		{3EDE73D7-BA68-4174-89E9-12C0EAB4BFFA}.Ad-Hoc|Any CPU.Build.0 = Release|x64
		{3EDE73D7-BA68-4174-89E9-12C0EAB4BFFA}.Ad-Hoc|ARM.ActiveCfg = Release|ARM
		{3EDE73D7-BA68-4174-89E9-12C0EAB4BFFA}.Ad-Hoc|ARM.Build.0 = Release|ARM
		{3EDE73D7-BA68-4174-89E9-12C0EAB4BFFA}.Ad-Hoc|iPhone.ActiveCfg = Release|x64
		{3EDE73D7-BA68-4174-89E9-12C0EAB4BFFA}.Ad-Hoc|iPhone.Build.0 = Release|x64
		{3EDE73D7-BA68-4174-89E9-12C0EAB4BFFA}.Ad-Hoc|iPhoneSimulator.ActiveCfg = Release|x64
		{3EDE73D7-BA68-4174-89E9-12C0EAB4BFFA}.Ad-Hoc|iPhoneSimulator.Build.0 = Release|x64
		{3EDE73D7-BA68-4174-89E9-12C0EAB4BFFA}.Ad-Hoc|x64.ActiveCfg = Release|x64
		{3EDE73D7-BA68-4174-89E9-12C0EAB4BFFA}.Ad-Hoc|x64.Build.0 = Release|x64
		{3EDE73D7-BA68-4174-89E9-12C0EAB4BFFA}.Ad-Hoc|x86.ActiveCfg = Release|Win32
		{3EDE73D7-BA68-4174-89E9-12C0EAB4BFFA}.Ad-Hoc|x86.Build.0 = Release|Win32
		{3EDE73D7-BA68-4174-89E9-12C0EAB4BFFA}.AppStore|Any CPU.ActiveCfg = Release|x64
		{3EDE73D7-BA68-4174-89E9-12C0EAB4BFFA}.AppStore|Any CPU.Build.0 = Release|x64
		{3EDE73D7-BA68-4174-89E9-12C0EAB4BFFA}.AppStore|ARM.ActiveCfg = Release|ARM
		{3EDE73D7-BA68-4174-89E9-12C0EAB4BFFA}.AppStore|ARM.Build.0 = Release|ARM
		{3EDE73D7-BA68-4174-89E9-12C0EAB4BFFA}.AppStore|iPhone.ActiveCfg = Release|x64
		{3EDE73D7-BA68-4174-89E9-12C0EAB4BFFA}.AppStore|iPhone.Build.0 = Release|x64
		{3EDE73D7-BA68-4174-89E9-12C0EAB4BFFA}.AppStore|iPhoneSimulator.ActiveCfg = Release|x64
		{3EDE73D7-BA68-4174-89E9-12C0EAB4BFFA}.AppStore|iPhoneSimulator.Build.0 = Release|x64
		{3EDE73D7-BA68-4174-89E9-12C0EAB4BFFA}.AppStore|x64.ActiveCfg = Release|x64
		{3EDE73D7-BA68-4174-89E9-12C0EAB4BFFA}.AppStore|x64.Build.0 = Release|x64
		{3EDE73D7-BA68-4174-89E9-12C0EAB4BFFA}.AppStore|x86.ActiveCfg = Release|Win32
		{3EDE73D7-BA68-4174-89E9-12C0EAB4BFFA}.AppStore|x86.Build.0 = Release|Win32
		{3EDE73D7-BA68-4174-89E9-12C0EAB4BFFA}.Debug|Any CPU.ActiveCfg = Debug|Win32
		{3EDE73D7-BA68-4174-89E9-12C0EAB4BFFA}.Debug|ARM.ActiveCfg = Debug|ARM
		{3EDE73D7-BA68-4174-89E9-12C0EAB4BFFA}.Debug|ARM.Build.0 = Debug|ARM
		{3EDE73D7-BA68-4174-89E9-12C0EAB4BFFA}.Debug|iPhone.ActiveCfg = Debug|Win32
		{3EDE73D7-BA68-4174-89E9-12C0EAB4BFFA}.Debug|iPhoneSimulator.ActiveCfg = Debug|Win32
		{3EDE73D7-BA68-4174-89E9-12C0EAB4BFFA}.Debug|x64.ActiveCfg = Debug|x64
		{3EDE73D7-BA68-4174-89E9-12C0EAB4BFFA}.Debug|x64.Build.0 = Debug|x64
		{3EDE73D7-BA68-4174-89E9-12C0EAB4BFFA}.Debug|x86.ActiveCfg = Debug|Win32
		{3EDE73D7-BA68-4174-89E9-12C0EAB4BFFA}.Debug|x86.Build.0 = Debug|Win32
		{3EDE73D7-BA68-4174-89E9-12C0EAB4BFFA}.Release|Any CPU.ActiveCfg = Release|Win32
		{3EDE73D7-BA68-4174-89E9-12C0EAB4BFFA}.Release|ARM.ActiveCfg = Release|ARM
		{3EDE73D7-BA68-4174-89E9-12C0EAB4BFFA}.Release|ARM.Build.0 = Release|ARM
		{3EDE73D7-BA68-4174-89E9-12C0EAB4BFFA}.Release|iPhone.ActiveCfg = Release|Win32
		{3EDE73D7-BA68-4174-89E9-12C0EAB4BFFA}.Release|iPhoneSimulator.ActiveCfg = Release|Win32
		{3EDE73D7-BA68-4174-89E9-12C0EAB4BFFA}.Release|x64.ActiveCfg = Release|x64
		{3EDE73D7-BA68-4174-89E9-12C0EAB4BFFA}.Release|x64.Build.0 = Release|x64
		{3EDE73D7-BA68-4174-89E9-12C0EAB4BFFA}.Release|x86.ActiveCfg = Release|Win32
		{3EDE73D7-BA68-4174-89E9-12C0EAB4BFFA}.Release|x86.Build.0 = Release|Win32
	EndGlobalSection
	GlobalSection(SolutionProperties) = preSolution
		HideSolutionNode = FALSE
	EndGlobalSection
	GlobalSection(NestedProjects) = preSolution
		{E9F213B3-2C36-4055-9ADB-3F4039BBD2AA} = {920D9C98-D669-4B28-8454-C8D236882793}
		{CF589C26-D0DF-405D-9A73-08D20A49E622} = {920D9C98-D669-4B28-8454-C8D236882793}
		{C144F835-925A-444A-A9A2-AE193DF2993F} = {920D9C98-D669-4B28-8454-C8D236882793}
		{EE62D00D-B9AD-4322-ABDC-877AE7F0B011} = {920D9C98-D669-4B28-8454-C8D236882793}
		{22B514A8-98C7-498F-AF63-324208633DB7} = {A1F94E22-D532-43AE-BAD3-CCC19CD18445}
		{38CAEE65-36AC-477B-B190-776A602A3CC0} = {A1F94E22-D532-43AE-BAD3-CCC19CD18445}
		{48A56E2C-4873-41E7-B23D-29AF601E4CDC} = {A1F94E22-D532-43AE-BAD3-CCC19CD18445}
		{5D2E191D-8EE0-4F07-86DA-5F85E1912D4B} = {EB10D529-454D-4EFE-BF00-3B42E9FBFC12}
		{3EDE73D7-BA68-4174-89E9-12C0EAB4BFFA} = {920D9C98-D669-4B28-8454-C8D236882793}
	EndGlobalSection
EndGlobal
