
Microsoft Visual Studio Solution File, Format Version 11.00
# Visual Studio 2010
Project("{FAE04EC0-301F-11D3-BF4B-00C04F79EFBC}") = "Xamarin.Android.Conference.WebRTC", "Xamarin.Android.Conference.WebRTC\Xamarin.Android.Conference.WebRTC.csproj", "{54D61A1B-C98C-4676-B059-752AE7854B1E}"
EndProject
Global
	GlobalSection(SolutionConfigurationPlatforms) = preSolution
		Debug|Any CPU = Debug|Any CPU
		Release|Any CPU = Release|Any CPU
	EndGlobalSection
	GlobalSection(ProjectConfigurationPlatforms) = postSolution
		{54D61A1B-C98C-4676-B059-752AE7854B1E}.Debug|Any CPU.ActiveCfg = Debug|Any CPU
		{54D61A1B-C98C-4676-B059-752AE7854B1E}.Debug|Any CPU.Build.0 = Debug|Any CPU
		{54D61A1B-C98C-4676-B059-752AE7854B1E}.Debug|Any CPU.Deploy.0 = Debug|Any CPU
		{54D61A1B-C98C-4676-B059-752AE7854B1E}.Release|Any CPU.ActiveCfg = Release|Any CPU
		{54D61A1B-C98C-4676-B059-752AE7854B1E}.Release|Any CPU.Build.0 = Release|Any CPU
		{54D61A1B-C98C-4676-B059-752AE7854B1E}.Release|Any CPU.Deploy.0 = Release|Any CPU
	EndGlobalSection
	GlobalSection(MonoDevelopProperties) = preSolution
		StartupItem = Xamarin.Android.Conference.WebRTC\Xamarin.Android.Conference.WebRTC.csproj
	EndGlobalSection
	GlobalSection(SolutionProperties) = preSolution
		HideSolutionNode = FALSE
	EndGlobalSection
EndGlobal
