
Microsoft Visual Studio Solution File, Format Version 11.00
# Visual Studio 2010
Project("{FAE04EC0-301F-11D3-BF4B-00C04F79EFBC}") = "Xamarin.iOS.Conference.WebRTC", "Xamarin.iOS.Conference.WebRTC\Xamarin.iOS.Conference.WebRTC.csproj", "{B6C8401A-4F99-4CE2-8298-4D18C61987ED}"
EndProject
Project("{FAE04EC0-301F-11D3-BF4B-00C04F79EFBC}") = "Xamarin.iOS.VP8", "Xamarin.iOS.VP8\Xamarin.iOS.VP8.csproj", "{E2ECB703-E07E-46D2-90CC-0F36B648DF2A}"
EndProject
Project("{FAE04EC0-301F-11D3-BF4B-00C04F79EFBC}") = "Xamarin.iOS.Opus", "Xamarin.iOS.Opus\Xamarin.iOS.Opus.csproj", "{D00DB3CA-BB32-4D90-B999-6EDC29899FD0}"
EndProject
Global
	GlobalSection(SolutionConfigurationPlatforms) = preSolution
		Ad-Hoc|iPhone = Ad-Hoc|iPhone
		Ad-Hoc|iPhoneSimulator = Ad-Hoc|iPhoneSimulator
		AppStore|iPhone = AppStore|iPhone
		AppStore|iPhoneSimulator = AppStore|iPhoneSimulator
		Debug|iPhone = Debug|iPhone
		Debug|iPhoneSimulator = Debug|iPhoneSimulator
		Release|iPhone = Release|iPhone
		Release|iPhoneSimulator = Release|iPhoneSimulator
	EndGlobalSection
	GlobalSection(ProjectConfigurationPlatforms) = postSolution
		{B6C8401A-4F99-4CE2-8298-4D18C61987ED}.Ad-Hoc|iPhone.ActiveCfg = Ad-Hoc|iPhone
		{B6C8401A-4F99-4CE2-8298-4D18C61987ED}.Ad-Hoc|iPhone.Build.0 = Ad-Hoc|iPhone
		{B6C8401A-4F99-4CE2-8298-4D18C61987ED}.Ad-Hoc|iPhone.Deploy.0 = Ad-Hoc|iPhone
		{B6C8401A-4F99-4CE2-8298-4D18C61987ED}.Ad-Hoc|iPhoneSimulator.ActiveCfg = Ad-Hoc|iPhoneSimulator
		{B6C8401A-4F99-4CE2-8298-4D18C61987ED}.Ad-Hoc|iPhoneSimulator.Build.0 = Ad-Hoc|iPhoneSimulator
		{B6C8401A-4F99-4CE2-8298-4D18C61987ED}.Ad-Hoc|iPhoneSimulator.Deploy.0 = Ad-Hoc|iPhoneSimulator
		{B6C8401A-4F99-4CE2-8298-4D18C61987ED}.AppStore|iPhone.ActiveCfg = AppStore|iPhone
		{B6C8401A-4F99-4CE2-8298-4D18C61987ED}.AppStore|iPhone.Build.0 = AppStore|iPhone
		{B6C8401A-4F99-4CE2-8298-4D18C61987ED}.AppStore|iPhone.Deploy.0 = AppStore|iPhone
		{B6C8401A-4F99-4CE2-8298-4D18C61987ED}.AppStore|iPhoneSimulator.ActiveCfg = AppStore|iPhoneSimulator
		{B6C8401A-4F99-4CE2-8298-4D18C61987ED}.AppStore|iPhoneSimulator.Build.0 = AppStore|iPhoneSimulator
		{B6C8401A-4F99-4CE2-8298-4D18C61987ED}.AppStore|iPhoneSimulator.Deploy.0 = AppStore|iPhoneSimulator
		{B6C8401A-4F99-4CE2-8298-4D18C61987ED}.Debug|iPhone.ActiveCfg = Debug|iPhone
		{B6C8401A-4F99-4CE2-8298-4D18C61987ED}.Debug|iPhone.Build.0 = Debug|iPhone
		{B6C8401A-4F99-4CE2-8298-4D18C61987ED}.Debug|iPhone.Deploy.0 = Debug|iPhone
		{B6C8401A-4F99-4CE2-8298-4D18C61987ED}.Debug|iPhoneSimulator.ActiveCfg = Debug|iPhoneSimulator
		{B6C8401A-4F99-4CE2-8298-4D18C61987ED}.Debug|iPhoneSimulator.Build.0 = Debug|iPhoneSimulator
		{B6C8401A-4F99-4CE2-8298-4D18C61987ED}.Debug|iPhoneSimulator.Deploy.0 = Debug|iPhoneSimulator
		{B6C8401A-4F99-4CE2-8298-4D18C61987ED}.Release|iPhone.ActiveCfg = Release|iPhone
		{B6C8401A-4F99-4CE2-8298-4D18C61987ED}.Release|iPhone.Build.0 = Release|iPhone
		{B6C8401A-4F99-4CE2-8298-4D18C61987ED}.Release|iPhone.Deploy.0 = Release|iPhone
		{B6C8401A-4F99-4CE2-8298-4D18C61987ED}.Release|iPhoneSimulator.ActiveCfg = Release|iPhoneSimulator
		{B6C8401A-4F99-4CE2-8298-4D18C61987ED}.Release|iPhoneSimulator.Build.0 = Release|iPhoneSimulator
		{B6C8401A-4F99-4CE2-8298-4D18C61987ED}.Release|iPhoneSimulator.Deploy.0 = Release|iPhoneSimulator
		{E2ECB703-E07E-46D2-90CC-0F36B648DF2A}.Ad-Hoc|iPhone.ActiveCfg = Release|Any CPU
		{E2ECB703-E07E-46D2-90CC-0F36B648DF2A}.Ad-Hoc|iPhone.Build.0 = Release|Any CPU
		{E2ECB703-E07E-46D2-90CC-0F36B648DF2A}.Ad-Hoc|iPhoneSimulator.ActiveCfg = Release|Any CPU
		{E2ECB703-E07E-46D2-90CC-0F36B648DF2A}.Ad-Hoc|iPhoneSimulator.Build.0 = Release|Any CPU
		{E2ECB703-E07E-46D2-90CC-0F36B648DF2A}.AppStore|iPhone.ActiveCfg = Release|Any CPU
		{E2ECB703-E07E-46D2-90CC-0F36B648DF2A}.AppStore|iPhone.Build.0 = Release|Any CPU
		{E2ECB703-E07E-46D2-90CC-0F36B648DF2A}.AppStore|iPhoneSimulator.ActiveCfg = Release|Any CPU
		{E2ECB703-E07E-46D2-90CC-0F36B648DF2A}.AppStore|iPhoneSimulator.Build.0 = Release|Any CPU
		{E2ECB703-E07E-46D2-90CC-0F36B648DF2A}.Debug|iPhone.ActiveCfg = Debug|Any CPU
		{E2ECB703-E07E-46D2-90CC-0F36B648DF2A}.Debug|iPhone.Build.0 = Debug|Any CPU
		{E2ECB703-E07E-46D2-90CC-0F36B648DF2A}.Debug|iPhoneSimulator.ActiveCfg = Debug|Any CPU
		{E2ECB703-E07E-46D2-90CC-0F36B648DF2A}.Debug|iPhoneSimulator.Build.0 = Debug|Any CPU
		{E2ECB703-E07E-46D2-90CC-0F36B648DF2A}.Release|iPhone.ActiveCfg = Release|Any CPU
		{E2ECB703-E07E-46D2-90CC-0F36B648DF2A}.Release|iPhone.Build.0 = Release|Any CPU
		{E2ECB703-E07E-46D2-90CC-0F36B648DF2A}.Release|iPhoneSimulator.ActiveCfg = Release|Any CPU
		{E2ECB703-E07E-46D2-90CC-0F36B648DF2A}.Release|iPhoneSimulator.Build.0 = Release|Any CPU
		{D00DB3CA-BB32-4D90-B999-6EDC29899FD0}.Ad-Hoc|iPhone.ActiveCfg = Release|Any CPU
		{D00DB3CA-BB32-4D90-B999-6EDC29899FD0}.Ad-Hoc|iPhone.Build.0 = Release|Any CPU
		{D00DB3CA-BB32-4D90-B999-6EDC29899FD0}.Ad-Hoc|iPhoneSimulator.ActiveCfg = Release|Any CPU
		{D00DB3CA-BB32-4D90-B999-6EDC29899FD0}.Ad-Hoc|iPhoneSimulator.Build.0 = Release|Any CPU
		{D00DB3CA-BB32-4D90-B999-6EDC29899FD0}.AppStore|iPhone.ActiveCfg = Release|Any CPU
		{D00DB3CA-BB32-4D90-B999-6EDC29899FD0}.AppStore|iPhone.Build.0 = Release|Any CPU
		{D00DB3CA-BB32-4D90-B999-6EDC29899FD0}.AppStore|iPhoneSimulator.ActiveCfg = Release|Any CPU
		{D00DB3CA-BB32-4D90-B999-6EDC29899FD0}.AppStore|iPhoneSimulator.Build.0 = Release|Any CPU
		{D00DB3CA-BB32-4D90-B999-6EDC29899FD0}.Debug|iPhone.ActiveCfg = Debug|Any CPU
		{D00DB3CA-BB32-4D90-B999-6EDC29899FD0}.Debug|iPhone.Build.0 = Debug|Any CPU
		{D00DB3CA-BB32-4D90-B999-6EDC29899FD0}.Debug|iPhoneSimulator.ActiveCfg = Debug|Any CPU
		{D00DB3CA-BB32-4D90-B999-6EDC29899FD0}.Debug|iPhoneSimulator.Build.0 = Debug|Any CPU
		{D00DB3CA-BB32-4D90-B999-6EDC29899FD0}.Release|iPhone.ActiveCfg = Release|Any CPU
		{D00DB3CA-BB32-4D90-B999-6EDC29899FD0}.Release|iPhone.Build.0 = Release|Any CPU
		{D00DB3CA-BB32-4D90-B999-6EDC29899FD0}.Release|iPhoneSimulator.ActiveCfg = Release|Any CPU
		{D00DB3CA-BB32-4D90-B999-6EDC29899FD0}.Release|iPhoneSimulator.Build.0 = Release|Any CPU
	EndGlobalSection
	GlobalSection(MonoDevelopProperties) = preSolution
		StartupItem = Xamarin.iOS.Conference.WebRTC\Xamarin.iOS.Conference.WebRTC.csproj
	EndGlobalSection
	GlobalSection(SolutionProperties) = preSolution
		HideSolutionNode = FALSE
	EndGlobalSection
EndGlobal
